// !$*UTF8*$!
{
	archiveVersion = 1;
	classes = {
	};
	objectVersion = 51;
	objects = {

/* Begin PBXBuildFile section */
		7E6D257C26E7B600BA09B8F5 /* Pods_Parstagram_Test.framework in Frameworks */ = {isa = PBXBuildFile; fileRef = A15679D3FE9F198DCD3FBA3E /* Pods_Parstagram_Test.framework */; };
		9E5B87A1B28BF80859E9D1F2 /* Pods_Parstagram_TestTests.framework in Frameworks */ = {isa = PBXBuildFile; fileRef = 36EFF643F8677043DE655233 /* Pods_Parstagram_TestTests.framework */; };
		D91568CD25F8230900CDCDE8 /* LoginViewController.swift in Sources */ = {isa = PBXBuildFile; fileRef = D91568CC25F8230900CDCDE8 /* LoginViewController.swift */; };
		D91568D225F8231B00CDCDE8 /* FeedViewController.swift in Sources */ = {isa = PBXBuildFile; fileRef = D91568D125F8231B00CDCDE8 /* FeedViewController.swift */; };
		D91568D725F831F200CDCDE8 /* CameraViewController.swift in Sources */ = {isa = PBXBuildFile; fileRef = D91568D625F831F200CDCDE8 /* CameraViewController.swift */; };
		D91568DC25F83C9200CDCDE8 /* PostCell.swift in Sources */ = {isa = PBXBuildFile; fileRef = D91568DB25F83C9200CDCDE8 /* PostCell.swift */; };
		D915EB6025FF8C0300F1E792 /* CommentCell.swift in Sources */ = {isa = PBXBuildFile; fileRef = D915EB5F25FF8C0300F1E792 /* CommentCell.swift */; };
		D942821025F81F02004F5D92 /* AppDelegate.swift in Sources */ = {isa = PBXBuildFile; fileRef = D942820F25F81F02004F5D92 /* AppDelegate.swift */; };
		D942821225F81F02004F5D92 /* SceneDelegate.swift in Sources */ = {isa = PBXBuildFile; fileRef = D942821125F81F02004F5D92 /* SceneDelegate.swift */; };
		D942821725F81F02004F5D92 /* Main.storyboard in Resources */ = {isa = PBXBuildFile; fileRef = D942821525F81F02004F5D92 /* Main.storyboard */; };
		D942821925F81F07004F5D92 /* Assets.xcassets in Resources */ = {isa = PBXBuildFile; fileRef = D942821825F81F07004F5D92 /* Assets.xcassets */; };
		D942821C25F81F07004F5D92 /* LaunchScreen.storyboard in Resources */ = {isa = PBXBuildFile; fileRef = D942821A25F81F07004F5D92 /* LaunchScreen.storyboard */; };
		D942822725F81F08004F5D92 /* Parstagram_TestTests.swift in Sources */ = {isa = PBXBuildFile; fileRef = D942822625F81F08004F5D92 /* Parstagram_TestTests.swift */; };
		D942823225F81F08004F5D92 /* Parstagram_TestUITests.swift in Sources */ = {isa = PBXBuildFile; fileRef = D942823125F81F08004F5D92 /* Parstagram_TestUITests.swift */; };
		EF402A5FD7E4C34D251E8616 /* Pods_Parstagram_Test_Parstagram_TestUITests.framework in Frameworks */ = {isa = PBXBuildFile; fileRef = D74BF981D9EBB0B78B0FBD4F /* Pods_Parstagram_Test_Parstagram_TestUITests.framework */; };
/* End PBXBuildFile section */

/* Begin PBXContainerItemProxy section */
		D942822325F81F08004F5D92 /* PBXContainerItemProxy */ = {
			isa = PBXContainerItemProxy;
			containerPortal = D942820425F81F02004F5D92 /* Project object */;
			proxyType = 1;
			remoteGlobalIDString = D942820B25F81F02004F5D92;
			remoteInfo = Parstagram_Test;
		};
		D942822E25F81F08004F5D92 /* PBXContainerItemProxy */ = {
			isa = PBXContainerItemProxy;
			containerPortal = D942820425F81F02004F5D92 /* Project object */;
			proxyType = 1;
			remoteGlobalIDString = D942820B25F81F02004F5D92;
			remoteInfo = Parstagram_Test;
		};
/* End PBXContainerItemProxy section */

/* Begin PBXFileReference section */
		007553D5170295E55D6AE909 /* Pods-Parstagram_Test-Parstagram_TestUITests.debug.xcconfig */ = {isa = PBXFileReference; includeInIndex = 1; lastKnownFileType = text.xcconfig; name = "Pods-Parstagram_Test-Parstagram_TestUITests.debug.xcconfig"; path = "Target Support Files/Pods-Parstagram_Test-Parstagram_TestUITests/Pods-Parstagram_Test-Parstagram_TestUITests.debug.xcconfig"; sourceTree = "<group>"; };
		1B0B197EAFC23182B6A9653D /* Pods-Parstagram_TestTests.debug.xcconfig */ = {isa = PBXFileReference; includeInIndex = 1; lastKnownFileType = text.xcconfig; name = "Pods-Parstagram_TestTests.debug.xcconfig"; path = "Target Support Files/Pods-Parstagram_TestTests/Pods-Parstagram_TestTests.debug.xcconfig"; sourceTree = "<group>"; };
		2662FA9C5E60A52AE1DBD3B4 /* Pods-Parstagram_Test-Parstagram_TestUITests.release.xcconfig */ = {isa = PBXFileReference; includeInIndex = 1; lastKnownFileType = text.xcconfig; name = "Pods-Parstagram_Test-Parstagram_TestUITests.release.xcconfig"; path = "Target Support Files/Pods-Parstagram_Test-Parstagram_TestUITests/Pods-Parstagram_Test-Parstagram_TestUITests.release.xcconfig"; sourceTree = "<group>"; };
		36EFF643F8677043DE655233 /* Pods_Parstagram_TestTests.framework */ = {isa = PBXFileReference; explicitFileType = wrapper.framework; includeInIndex = 0; path = Pods_Parstagram_TestTests.framework; sourceTree = BUILT_PRODUCTS_DIR; };
		82C8F4482227784C700D3937 /* Pods-Parstagram_Test.release.xcconfig */ = {isa = PBXFileReference; includeInIndex = 1; lastKnownFileType = text.xcconfig; name = "Pods-Parstagram_Test.release.xcconfig"; path = "Target Support Files/Pods-Parstagram_Test/Pods-Parstagram_Test.release.xcconfig"; sourceTree = "<group>"; };
		A15679D3FE9F198DCD3FBA3E /* Pods_Parstagram_Test.framework */ = {isa = PBXFileReference; explicitFileType = wrapper.framework; includeInIndex = 0; path = Pods_Parstagram_Test.framework; sourceTree = BUILT_PRODUCTS_DIR; };
		AE51FF3265942D719AC658D7 /* Pods-Parstagram_TestTests.release.xcconfig */ = {isa = PBXFileReference; includeInIndex = 1; lastKnownFileType = text.xcconfig; name = "Pods-Parstagram_TestTests.release.xcconfig"; path = "Target Support Files/Pods-Parstagram_TestTests/Pods-Parstagram_TestTests.release.xcconfig"; sourceTree = "<group>"; };
		D74BF981D9EBB0B78B0FBD4F /* Pods_Parstagram_Test_Parstagram_TestUITests.framework */ = {isa = PBXFileReference; explicitFileType = wrapper.framework; includeInIndex = 0; path = Pods_Parstagram_Test_Parstagram_TestUITests.framework; sourceTree = BUILT_PRODUCTS_DIR; };
		D91568CC25F8230900CDCDE8 /* LoginViewController.swift */ = {isa = PBXFileReference; lastKnownFileType = sourcecode.swift; path = LoginViewController.swift; sourceTree = "<group>"; };
		D91568D125F8231B00CDCDE8 /* FeedViewController.swift */ = {isa = PBXFileReference; lastKnownFileType = sourcecode.swift; path = FeedViewController.swift; sourceTree = "<group>"; };
		D91568D625F831F200CDCDE8 /* CameraViewController.swift */ = {isa = PBXFileReference; lastKnownFileType = sourcecode.swift; path = CameraViewController.swift; sourceTree = "<group>"; };
		D91568DB25F83C9200CDCDE8 /* PostCell.swift */ = {isa = PBXFileReference; lastKnownFileType = sourcecode.swift; path = PostCell.swift; sourceTree = "<group>"; };
		D915EB5F25FF8C0300F1E792 /* CommentCell.swift */ = {isa = PBXFileReference; lastKnownFileType = sourcecode.swift; path = CommentCell.swift; sourceTree = "<group>"; };
		D942820C25F81F02004F5D92 /* Parstagram_Test.app */ = {isa = PBXFileReference; explicitFileType = wrapper.application; includeInIndex = 0; path = Parstagram_Test.app; sourceTree = BUILT_PRODUCTS_DIR; };
		D942820F25F81F02004F5D92 /* AppDelegate.swift */ = {isa = PBXFileReference; lastKnownFileType = sourcecode.swift; path = AppDelegate.swift; sourceTree = "<group>"; };
		D942821125F81F02004F5D92 /* SceneDelegate.swift */ = {isa = PBXFileReference; lastKnownFileType = sourcecode.swift; path = SceneDelegate.swift; sourceTree = "<group>"; };
		D942821625F81F02004F5D92 /* Base */ = {isa = PBXFileReference; lastKnownFileType = file.storyboard; name = Base; path = Base.lproj/Main.storyboard; sourceTree = "<group>"; };
		D942821825F81F07004F5D92 /* Assets.xcassets */ = {isa = PBXFileReference; lastKnownFileType = folder.assetcatalog; path = Assets.xcassets; sourceTree = "<group>"; };
		D942821B25F81F07004F5D92 /* Base */ = {isa = PBXFileReference; lastKnownFileType = file.storyboard; name = Base; path = Base.lproj/LaunchScreen.storyboard; sourceTree = "<group>"; };
		D942821D25F81F07004F5D92 /* Info.plist */ = {isa = PBXFileReference; lastKnownFileType = text.plist.xml; path = Info.plist; sourceTree = "<group>"; };
		D942822225F81F08004F5D92 /* Parstagram_TestTests.xctest */ = {isa = PBXFileReference; explicitFileType = wrapper.cfbundle; includeInIndex = 0; path = Parstagram_TestTests.xctest; sourceTree = BUILT_PRODUCTS_DIR; };
		D942822625F81F08004F5D92 /* Parstagram_TestTests.swift */ = {isa = PBXFileReference; lastKnownFileType = sourcecode.swift; path = Parstagram_TestTests.swift; sourceTree = "<group>"; };
		D942822825F81F08004F5D92 /* Info.plist */ = {isa = PBXFileReference; lastKnownFileType = text.plist.xml; path = Info.plist; sourceTree = "<group>"; };
		D942822D25F81F08004F5D92 /* Parstagram_TestUITests.xctest */ = {isa = PBXFileReference; explicitFileType = wrapper.cfbundle; includeInIndex = 0; path = Parstagram_TestUITests.xctest; sourceTree = BUILT_PRODUCTS_DIR; };
		D942823125F81F08004F5D92 /* Parstagram_TestUITests.swift */ = {isa = PBXFileReference; lastKnownFileType = sourcecode.swift; path = Parstagram_TestUITests.swift; sourceTree = "<group>"; };
		D942823325F81F08004F5D92 /* Info.plist */ = {isa = PBXFileReference; lastKnownFileType = text.plist.xml; path = Info.plist; sourceTree = "<group>"; };
		EB215B94E1246DF3AAA2A39A /* Pods-Parstagram_Test.debug.xcconfig */ = {isa = PBXFileReference; includeInIndex = 1; lastKnownFileType = text.xcconfig; name = "Pods-Parstagram_Test.debug.xcconfig"; path = "Target Support Files/Pods-Parstagram_Test/Pods-Parstagram_Test.debug.xcconfig"; sourceTree = "<group>"; };
/* End PBXFileReference section */

/* Begin PBXFrameworksBuildPhase section */
		D942820925F81F02004F5D92 /* Frameworks */ = {
			isa = PBXFrameworksBuildPhase;
			buildActionMask = 2147483647;
			files = (
				7E6D257C26E7B600BA09B8F5 /* Pods_Parstagram_Test.framework in Frameworks */,
			);
			runOnlyForDeploymentPostprocessing = 0;
		};
		D942821F25F81F08004F5D92 /* Frameworks */ = {
			isa = PBXFrameworksBuildPhase;
			buildActionMask = 2147483647;
			files = (
				9E5B87A1B28BF80859E9D1F2 /* Pods_Parstagram_TestTests.framework in Frameworks */,
			);
			runOnlyForDeploymentPostprocessing = 0;
		};
		D942822A25F81F08004F5D92 /* Frameworks */ = {
			isa = PBXFrameworksBuildPhase;
			buildActionMask = 2147483647;
			files = (
				EF402A5FD7E4C34D251E8616 /* Pods_Parstagram_Test_Parstagram_TestUITests.framework in Frameworks */,
			);
			runOnlyForDeploymentPostprocessing = 0;
		};
/* End PBXFrameworksBuildPhase section */

/* Begin PBXGroup section */
		0CB4209066097CF16BCAE779 /* Pods */ = {
			isa = PBXGroup;
			children = (
				EB215B94E1246DF3AAA2A39A /* Pods-Parstagram_Test.debug.xcconfig */,
				82C8F4482227784C700D3937 /* Pods-Parstagram_Test.release.xcconfig */,
				007553D5170295E55D6AE909 /* Pods-Parstagram_Test-Parstagram_TestUITests.debug.xcconfig */,
				2662FA9C5E60A52AE1DBD3B4 /* Pods-Parstagram_Test-Parstagram_TestUITests.release.xcconfig */,
				1B0B197EAFC23182B6A9653D /* Pods-Parstagram_TestTests.debug.xcconfig */,
				AE51FF3265942D719AC658D7 /* Pods-Parstagram_TestTests.release.xcconfig */,
			);
			path = Pods;
			sourceTree = "<group>";
		};
		6B79876FBCDC4165B8CD4288 /* Frameworks */ = {
			isa = PBXGroup;
			children = (
				A15679D3FE9F198DCD3FBA3E /* Pods_Parstagram_Test.framework */,
				D74BF981D9EBB0B78B0FBD4F /* Pods_Parstagram_Test_Parstagram_TestUITests.framework */,
				36EFF643F8677043DE655233 /* Pods_Parstagram_TestTests.framework */,
			);
			name = Frameworks;
			sourceTree = "<group>";
		};
		D942820325F81F02004F5D92 = {
			isa = PBXGroup;
			children = (
				D942820E25F81F02004F5D92 /* Parstagram_Test */,
				D942822525F81F08004F5D92 /* Parstagram_TestTests */,
				D942823025F81F08004F5D92 /* Parstagram_TestUITests */,
				D942820D25F81F02004F5D92 /* Products */,
				0CB4209066097CF16BCAE779 /* Pods */,
				6B79876FBCDC4165B8CD4288 /* Frameworks */,
			);
			sourceTree = "<group>";
		};
		D942820D25F81F02004F5D92 /* Products */ = {
			isa = PBXGroup;
			children = (
				D942820C25F81F02004F5D92 /* Parstagram_Test.app */,
				D942822225F81F08004F5D92 /* Parstagram_TestTests.xctest */,
				D942822D25F81F08004F5D92 /* Parstagram_TestUITests.xctest */,
			);
			name = Products;
			sourceTree = "<group>";
		};
		D942820E25F81F02004F5D92 /* Parstagram_Test */ = {
			isa = PBXGroup;
			children = (
				D942820F25F81F02004F5D92 /* AppDelegate.swift */,
				D942821125F81F02004F5D92 /* SceneDelegate.swift */,
				D942821525F81F02004F5D92 /* Main.storyboard */,
				D942821825F81F07004F5D92 /* Assets.xcassets */,
				D942821A25F81F07004F5D92 /* LaunchScreen.storyboard */,
				D942821D25F81F07004F5D92 /* Info.plist */,
				D91568CC25F8230900CDCDE8 /* LoginViewController.swift */,
				D91568D125F8231B00CDCDE8 /* FeedViewController.swift */,
				D91568D625F831F200CDCDE8 /* CameraViewController.swift */,
				D91568DB25F83C9200CDCDE8 /* PostCell.swift */,
				D915EB5F25FF8C0300F1E792 /* CommentCell.swift */,
			);
			path = Parstagram_Test;
			sourceTree = "<group>";
		};
		D942822525F81F08004F5D92 /* Parstagram_TestTests */ = {
			isa = PBXGroup;
			children = (
				D942822625F81F08004F5D92 /* Parstagram_TestTests.swift */,
				D942822825F81F08004F5D92 /* Info.plist */,
			);
			path = Parstagram_TestTests;
			sourceTree = "<group>";
		};
		D942823025F81F08004F5D92 /* Parstagram_TestUITests */ = {
			isa = PBXGroup;
			children = (
				D942823125F81F08004F5D92 /* Parstagram_TestUITests.swift */,
				D942823325F81F08004F5D92 /* Info.plist */,
			);
			path = Parstagram_TestUITests;
			sourceTree = "<group>";
		};
/* End PBXGroup section */

/* Begin PBXNativeTarget section */
		D942820B25F81F02004F5D92 /* Parstagram_Test */ = {
			isa = PBXNativeTarget;
			buildConfigurationList = D942823625F81F08004F5D92 /* Build configuration list for PBXNativeTarget "Parstagram_Test" */;
			buildPhases = (
				0225A5B906304669EF2773FA /* [CP] Check Pods Manifest.lock */,
				D942820825F81F02004F5D92 /* Sources */,
				D942820925F81F02004F5D92 /* Frameworks */,
				D942820A25F81F02004F5D92 /* Resources */,
				9D890204AE474298A27EB73E /* [CP] Embed Pods Frameworks */,
			);
			buildRules = (
			);
			dependencies = (
			);
			name = Parstagram_Test;
			productName = Parstagram_Test;
			productReference = D942820C25F81F02004F5D92 /* Parstagram_Test.app */;
			productType = "com.apple.product-type.application";
		};
		D942822125F81F08004F5D92 /* Parstagram_TestTests */ = {
			isa = PBXNativeTarget;
			buildConfigurationList = D942823925F81F08004F5D92 /* Build configuration list for PBXNativeTarget "Parstagram_TestTests" */;
			buildPhases = (
				6D618D67A000CC395CB43795 /* [CP] Check Pods Manifest.lock */,
				D942821E25F81F08004F5D92 /* Sources */,
				D942821F25F81F08004F5D92 /* Frameworks */,
				D942822025F81F08004F5D92 /* Resources */,
			);
			buildRules = (
			);
			dependencies = (
				D942822425F81F08004F5D92 /* PBXTargetDependency */,
			);
			name = Parstagram_TestTests;
			productName = Parstagram_TestTests;
			productReference = D942822225F81F08004F5D92 /* Parstagram_TestTests.xctest */;
			productType = "com.apple.product-type.bundle.unit-test";
		};
		D942822C25F81F08004F5D92 /* Parstagram_TestUITests */ = {
			isa = PBXNativeTarget;
			buildConfigurationList = D942823C25F81F08004F5D92 /* Build configuration list for PBXNativeTarget "Parstagram_TestUITests" */;
			buildPhases = (
				7E5D7DDF18E881A2F5D11D76 /* [CP] Check Pods Manifest.lock */,
				D942822925F81F08004F5D92 /* Sources */,
				D942822A25F81F08004F5D92 /* Frameworks */,
				D942822B25F81F08004F5D92 /* Resources */,
				6CD71F5E29EF59EC79268C0D /* [CP] Embed Pods Frameworks */,
			);
			buildRules = (
			);
			dependencies = (
				D942822F25F81F08004F5D92 /* PBXTargetDependency */,
			);
			name = Parstagram_TestUITests;
			productName = Parstagram_TestUITests;
			productReference = D942822D25F81F08004F5D92 /* Parstagram_TestUITests.xctest */;
			productType = "com.apple.product-type.bundle.ui-testing";
		};
/* End PBXNativeTarget section */

/* Begin PBXProject section */
		D942820425F81F02004F5D92 /* Project object */ = {
			isa = PBXProject;
			attributes = {
				LastSwiftUpdateCheck = 1240;
				LastUpgradeCheck = 1240;
				TargetAttributes = {
					D942820B25F81F02004F5D92 = {
						CreatedOnToolsVersion = 12.4;
					};
					D942822125F81F08004F5D92 = {
						CreatedOnToolsVersion = 12.4;
						TestTargetID = D942820B25F81F02004F5D92;
					};
					D942822C25F81F08004F5D92 = {
						CreatedOnToolsVersion = 12.4;
						TestTargetID = D942820B25F81F02004F5D92;
					};
				};
			};
			buildConfigurationList = D942820725F81F02004F5D92 /* Build configuration list for PBXProject "Parstagram_Test" */;
			compatibilityVersion = "Xcode 9.3";
			developmentRegion = en;
			hasScannedForEncodings = 0;
			knownRegions = (
				en,
				Base,
			);
			mainGroup = D942820325F81F02004F5D92;
			productRefGroup = D942820D25F81F02004F5D92 /* Products */;
			projectDirPath = "";
			projectRoot = "";
			targets = (
				D942820B25F81F02004F5D92 /* Parstagram_Test */,
				D942822125F81F08004F5D92 /* Parstagram_TestTests */,
				D942822C25F81F08004F5D92 /* Parstagram_TestUITests */,
			);
		};
/* End PBXProject section */

/* Begin PBXResourcesBuildPhase section */
		D942820A25F81F02004F5D92 /* Resources */ = {
			isa = PBXResourcesBuildPhase;
			buildActionMask = 2147483647;
			files = (
				D942821C25F81F07004F5D92 /* LaunchScreen.storyboard in Resources */,
				D942821925F81F07004F5D92 /* Assets.xcassets in Resources */,
				D942821725F81F02004F5D92 /* Main.storyboard in Resources */,
			);
			runOnlyForDeploymentPostprocessing = 0;
		};
		D942822025F81F08004F5D92 /* Resources */ = {
			isa = PBXResourcesBuildPhase;
			buildActionMask = 2147483647;
			files = (
			);
			runOnlyForDeploymentPostprocessing = 0;
		};
		D942822B25F81F08004F5D92 /* Resources */ = {
			isa = PBXResourcesBuildPhase;
			buildActionMask = 2147483647;
			files = (
			);
			runOnlyForDeploymentPostprocessing = 0;
		};
/* End PBXResourcesBuildPhase section */

/* Begin PBXShellScriptBuildPhase section */
		0225A5B906304669EF2773FA /* [CP] Check Pods Manifest.lock */ = {
			isa = PBXShellScriptBuildPhase;
			buildActionMask = 2147483647;
			files = (
			);
			inputFileListPaths = (
			);
			inputPaths = (
				"${PODS_PODFILE_DIR_PATH}/Podfile.lock",
				"${PODS_ROOT}/Manifest.lock",
			);
			name = "[CP] Check Pods Manifest.lock";
			outputFileListPaths = (
			);
			outputPaths = (
				"$(DERIVED_FILE_DIR)/Pods-Parstagram_Test-checkManifestLockResult.txt",
			);
			runOnlyForDeploymentPostprocessing = 0;
			shellPath = /bin/sh;
			shellScript = "diff \"${PODS_PODFILE_DIR_PATH}/Podfile.lock\" \"${PODS_ROOT}/Manifest.lock\" > /dev/null\nif [ $? != 0 ] ; then\n    # print error to STDERR\n    echo \"error: The sandbox is not in sync with the Podfile.lock. Run 'pod install' or update your CocoaPods installation.\" >&2\n    exit 1\nfi\n# This output is used by Xcode 'outputs' to avoid re-running this script phase.\necho \"SUCCESS\" > \"${SCRIPT_OUTPUT_FILE_0}\"\n";
			showEnvVarsInLog = 0;
		};
		6CD71F5E29EF59EC79268C0D /* [CP] Embed Pods Frameworks */ = {
			isa = PBXShellScriptBuildPhase;
			buildActionMask = 2147483647;
			files = (
			);
			inputFileListPaths = (
				"${PODS_ROOT}/Target Support Files/Pods-Parstagram_Test-Parstagram_TestUITests/Pods-Parstagram_Test-Parstagram_TestUITests-frameworks-${CONFIGURATION}-input-files.xcfilelist",
			);
			name = "[CP] Embed Pods Frameworks";
			outputFileListPaths = (
				"${PODS_ROOT}/Target Support Files/Pods-Parstagram_Test-Parstagram_TestUITests/Pods-Parstagram_Test-Parstagram_TestUITests-frameworks-${CONFIGURATION}-output-files.xcfilelist",
			);
			runOnlyForDeploymentPostprocessing = 0;
			shellPath = /bin/sh;
			shellScript = "\"${PODS_ROOT}/Target Support Files/Pods-Parstagram_Test-Parstagram_TestUITests/Pods-Parstagram_Test-Parstagram_TestUITests-frameworks.sh\"\n";
			showEnvVarsInLog = 0;
		};
		6D618D67A000CC395CB43795 /* [CP] Check Pods Manifest.lock */ = {
			isa = PBXShellScriptBuildPhase;
			buildActionMask = 2147483647;
			files = (
			);
			inputFileListPaths = (
			);
			inputPaths = (
				"${PODS_PODFILE_DIR_PATH}/Podfile.lock",
				"${PODS_ROOT}/Manifest.lock",
			);
			name = "[CP] Check Pods Manifest.lock";
			outputFileListPaths = (
			);
			outputPaths = (
				"$(DERIVED_FILE_DIR)/Pods-Parstagram_TestTests-checkManifestLockResult.txt",
			);
			runOnlyForDeploymentPostprocessing = 0;
			shellPath = /bin/sh;
			shellScript = "diff \"${PODS_PODFILE_DIR_PATH}/Podfile.lock\" \"${PODS_ROOT}/Manifest.lock\" > /dev/null\nif [ $? != 0 ] ; then\n    # print error to STDERR\n    echo \"error: The sandbox is not in sync with the Podfile.lock. Run 'pod install' or update your CocoaPods installation.\" >&2\n    exit 1\nfi\n# This output is used by Xcode 'outputs' to avoid re-running this script phase.\necho \"SUCCESS\" > \"${SCRIPT_OUTPUT_FILE_0}\"\n";
			showEnvVarsInLog = 0;
		};
		7E5D7DDF18E881A2F5D11D76 /* [CP] Check Pods Manifest.lock */ = {
			isa = PBXShellScriptBuildPhase;
			buildActionMask = 2147483647;
			files = (
			);
			inputFileListPaths = (
			);
			inputPaths = (
				"${PODS_PODFILE_DIR_PATH}/Podfile.lock",
				"${PODS_ROOT}/Manifest.lock",
			);
			name = "[CP] Check Pods Manifest.lock";
			outputFileListPaths = (
			);
			outputPaths = (
				"$(DERIVED_FILE_DIR)/Pods-Parstagram_Test-Parstagram_TestUITests-checkManifestLockResult.txt",
			);
			runOnlyForDeploymentPostprocessing = 0;
			shellPath = /bin/sh;
			shellScript = "diff \"${PODS_PODFILE_DIR_PATH}/Podfile.lock\" \"${PODS_ROOT}/Manifest.lock\" > /dev/null\nif [ $? != 0 ] ; then\n    # print error to STDERR\n    echo \"error: The sandbox is not in sync with the Podfile.lock. Run 'pod install' or update your CocoaPods installation.\" >&2\n    exit 1\nfi\n# This output is used by Xcode 'outputs' to avoid re-running this script phase.\necho \"SUCCESS\" > \"${SCRIPT_OUTPUT_FILE_0}\"\n";
			showEnvVarsInLog = 0;
		};
		9D890204AE474298A27EB73E /* [CP] Embed Pods Frameworks */ = {
			isa = PBXShellScriptBuildPhase;
			buildActionMask = 2147483647;
			files = (
			);
			inputFileListPaths = (
				"${PODS_ROOT}/Target Support Files/Pods-Parstagram_Test/Pods-Parstagram_Test-frameworks-${CONFIGURATION}-input-files.xcfilelist",
			);
			name = "[CP] Embed Pods Frameworks";
			outputFileListPaths = (
				"${PODS_ROOT}/Target Support Files/Pods-Parstagram_Test/Pods-Parstagram_Test-frameworks-${CONFIGURATION}-output-files.xcfilelist",
			);
			runOnlyForDeploymentPostprocessing = 0;
			shellPath = /bin/sh;
			shellScript = "\"${PODS_ROOT}/Target Support Files/Pods-Parstagram_Test/Pods-Parstagram_Test-frameworks.sh\"\n";
			showEnvVarsInLog = 0;
		};
/* End PBXShellScriptBuildPhase section */

/* Begin PBXSourcesBuildPhase section */
		D942820825F81F02004F5D92 /* Sources */ = {
			isa = PBXSourcesBuildPhase;
			buildActionMask = 2147483647;
			files = (
				D91568CD25F8230900CDCDE8 /* LoginViewController.swift in Sources */,
				D91568D725F831F200CDCDE8 /* CameraViewController.swift in Sources */,
				D942821025F81F02004F5D92 /* AppDelegate.swift in Sources */,
				D91568D225F8231B00CDCDE8 /* FeedViewController.swift in Sources */,
				D942821225F81F02004F5D92 /* SceneDelegate.swift in Sources */,
				D91568DC25F83C9200CDCDE8 /* PostCell.swift in Sources */,
				D915EB6025FF8C0300F1E792 /* CommentCell.swift in Sources */,
			);
			runOnlyForDeploymentPostprocessing = 0;
		};
		D942821E25F81F08004F5D92 /* Sources */ = {
			isa = PBXSourcesBuildPhase;
			buildActionMask = 2147483647;
			files = (
				D942822725F81F08004F5D92 /* Parstagram_TestTests.swift in Sources */,
			);
			runOnlyForDeploymentPostprocessing = 0;
		};
		D942822925F81F08004F5D92 /* Sources */ = {
			isa = PBXSourcesBuildPhase;
			buildActionMask = 2147483647;
			files = (
				D942823225F81F08004F5D92 /* Parstagram_TestUITests.swift in Sources */,
			);
			runOnlyForDeploymentPostprocessing = 0;
		};
/* End PBXSourcesBuildPhase section */

/* Begin PBXTargetDependency section */
		D942822425F81F08004F5D92 /* PBXTargetDependency */ = {
			isa = PBXTargetDependency;
			target = D942820B25F81F02004F5D92 /* Parstagram_Test */;
			targetProxy = D942822325F81F08004F5D92 /* PBXContainerItemProxy */;
		};
		D942822F25F81F08004F5D92 /* PBXTargetDependency */ = {
			isa = PBXTargetDependency;
			target = D942820B25F81F02004F5D92 /* Parstagram_Test */;
			targetProxy = D942822E25F81F08004F5D92 /* PBXContainerItemProxy */;
		};
/* End PBXTargetDependency section */

/* Begin PBXVariantGroup section */
		D942821525F81F02004F5D92 /* Main.storyboard */ = {
			isa = PBXVariantGroup;
			children = (
				D942821625F81F02004F5D92 /* Base */,
			);
			name = Main.storyboard;
			sourceTree = "<group>";
		};
		D942821A25F81F07004F5D92 /* LaunchScreen.storyboard */ = {
			isa = PBXVariantGroup;
			children = (
				D942821B25F81F07004F5D92 /* Base */,
			);
			name = LaunchScreen.storyboard;
			sourceTree = "<group>";
		};
/* End PBXVariantGroup section */

/* Begin XCBuildConfiguration section */
		D942823425F81F08004F5D92 /* Debug */ = {
			isa = XCBuildConfiguration;
			buildSettings = {
				ALWAYS_SEARCH_USER_PATHS = NO;
				CLANG_ANALYZER_NONNULL = YES;
				CLANG_ANALYZER_NUMBER_OBJECT_CONVERSION = YES_AGGRESSIVE;
				CLANG_CXX_LANGUAGE_STANDARD = "gnu++14";
				CLANG_CXX_LIBRARY = "libc++";
				CLANG_ENABLE_MODULES = YES;
				CLANG_ENABLE_OBJC_ARC = YES;
				CLANG_ENABLE_OBJC_WEAK = YES;
				CLANG_WARN_BLOCK_CAPTURE_AUTORELEASING = YES;
				CLANG_WARN_BOOL_CONVERSION = YES;
				CLANG_WARN_COMMA = YES;
				CLANG_WARN_CONSTANT_CONVERSION = YES;
				CLANG_WARN_DEPRECATED_OBJC_IMPLEMENTATIONS = YES;
				CLANG_WARN_DIRECT_OBJC_ISA_USAGE = YES_ERROR;
				CLANG_WARN_DOCUMENTATION_COMMENTS = YES;
				CLANG_WARN_EMPTY_BODY = YES;
				CLANG_WARN_ENUM_CONVERSION = YES;
				CLANG_WARN_INFINITE_RECURSION = YES;
				CLANG_WARN_INT_CONVERSION = YES;
				CLANG_WARN_NON_LITERAL_NULL_CONVERSION = YES;
				CLANG_WARN_OBJC_IMPLICIT_RETAIN_SELF = YES;
				CLANG_WARN_OBJC_LITERAL_CONVERSION = YES;
				CLANG_WARN_OBJC_ROOT_CLASS = YES_ERROR;
				CLANG_WARN_QUOTED_INCLUDE_IN_FRAMEWORK_HEADER = YES;
				CLANG_WARN_RANGE_LOOP_ANALYSIS = YES;
				CLANG_WARN_STRICT_PROTOTYPES = YES;
				CLANG_WARN_SUSPICIOUS_MOVE = YES;
				CLANG_WARN_UNGUARDED_AVAILABILITY = YES_AGGRESSIVE;
				CLANG_WARN_UNREACHABLE_CODE = YES;
				CLANG_WARN__DUPLICATE_METHOD_MATCH = YES;
				COPY_PHASE_STRIP = NO;
				DEBUG_INFORMATION_FORMAT = dwarf;
				ENABLE_STRICT_OBJC_MSGSEND = YES;
				ENABLE_TESTABILITY = YES;
				GCC_C_LANGUAGE_STANDARD = gnu11;
				GCC_DYNAMIC_NO_PIC = NO;
				GCC_NO_COMMON_BLOCKS = YES;
				GCC_OPTIMIZATION_LEVEL = 0;
				GCC_PREPROCESSOR_DEFINITIONS = (
					"DEBUG=1",
					"$(inherited)",
				);
				GCC_WARN_64_TO_32_BIT_CONVERSION = YES;
				GCC_WARN_ABOUT_RETURN_TYPE = YES_ERROR;
				GCC_WARN_UNDECLARED_SELECTOR = YES;
				GCC_WARN_UNINITIALIZED_AUTOS = YES_AGGRESSIVE;
				GCC_WARN_UNUSED_FUNCTION = YES;
				GCC_WARN_UNUSED_VARIABLE = YES;
				IPHONEOS_DEPLOYMENT_TARGET = 14.4;
				MTL_ENABLE_DEBUG_INFO = INCLUDE_SOURCE;
				MTL_FAST_MATH = YES;
				ONLY_ACTIVE_ARCH = YES;
				SDKROOT = iphoneos;
				SWIFT_ACTIVE_COMPILATION_CONDITIONS = DEBUG;
				SWIFT_OPTIMIZATION_LEVEL = "-Onone";
			};
			name = Debug;
		};
		D942823525F81F08004F5D92 /* Release */ = {
			isa = XCBuildConfiguration;
			buildSettings = {
				ALWAYS_SEARCH_USER_PATHS = NO;
				CLANG_ANALYZER_NONNULL = YES;
				CLANG_ANALYZER_NUMBER_OBJECT_CONVERSION = YES_AGGRESSIVE;
				CLANG_CXX_LANGUAGE_STANDARD = "gnu++14";
				CLANG_CXX_LIBRARY = "libc++";
				CLANG_ENABLE_MODULES = YES;
				CLANG_ENABLE_OBJC_ARC = YES;
				CLANG_ENABLE_OBJC_WEAK = YES;
				CLANG_WARN_BLOCK_CAPTURE_AUTORELEASING = YES;
				CLANG_WARN_BOOL_CONVERSION = YES;
				CLANG_WARN_COMMA = YES;
				CLANG_WARN_CONSTANT_CONVERSION = YES;
				CLANG_WARN_DEPRECATED_OBJC_IMPLEMENTATIONS = YES;
				CLANG_WARN_DIRECT_OBJC_ISA_USAGE = YES_ERROR;
				CLANG_WARN_DOCUMENTATION_COMMENTS = YES;
				CLANG_WARN_EMPTY_BODY = YES;
				CLANG_WARN_ENUM_CONVERSION = YES;
				CLANG_WARN_INFINITE_RECURSION = YES;
				CLANG_WARN_INT_CONVERSION = YES;
				CLANG_WARN_NON_LITERAL_NULL_CONVERSION = YES;
				CLANG_WARN_OBJC_IMPLICIT_RETAIN_SELF = YES;
				CLANG_WARN_OBJC_LITERAL_CONVERSION = YES;
				CLANG_WARN_OBJC_ROOT_CLASS = YES_ERROR;
				CLANG_WARN_QUOTED_INCLUDE_IN_FRAMEWORK_HEADER = YES;
				CLANG_WARN_RANGE_LOOP_ANALYSIS = YES;
				CLANG_WARN_STRICT_PROTOTYPES = YES;
				CLANG_WARN_SUSPICIOUS_MOVE = YES;
				CLANG_WARN_UNGUARDED_AVAILABILITY = YES_AGGRESSIVE;
				CLANG_WARN_UNREACHABLE_CODE = YES;
				CLANG_WARN__DUPLICATE_METHOD_MATCH = YES;
				COPY_PHASE_STRIP = NO;
				DEBUG_INFORMATION_FORMAT = "dwarf-with-dsym";
				ENABLE_NS_ASSERTIONS = NO;
				ENABLE_STRICT_OBJC_MSGSEND = YES;
				GCC_C_LANGUAGE_STANDARD = gnu11;
				GCC_NO_COMMON_BLOCKS = YES;
				GCC_WARN_64_TO_32_BIT_CONVERSION = YES;
				GCC_WARN_ABOUT_RETURN_TYPE = YES_ERROR;
				GCC_WARN_UNDECLARED_SELECTOR = YES;
				GCC_WARN_UNINITIALIZED_AUTOS = YES_AGGRESSIVE;
				GCC_WARN_UNUSED_FUNCTION = YES;
				GCC_WARN_UNUSED_VARIABLE = YES;
				IPHONEOS_DEPLOYMENT_TARGET = 14.4;
				MTL_ENABLE_DEBUG_INFO = NO;
				MTL_FAST_MATH = YES;
				SDKROOT = iphoneos;
				SWIFT_COMPILATION_MODE = wholemodule;
				SWIFT_OPTIMIZATION_LEVEL = "-O";
				VALIDATE_PRODUCT = YES;
			};
			name = Release;
		};
		D942823725F81F08004F5D92 /* Debug */ = {
			isa = XCBuildConfiguration;
			baseConfigurationReference = EB215B94E1246DF3AAA2A39A /* Pods-Parstagram_Test.debug.xcconfig */;
			buildSettings = {
				ASSETCATALOG_COMPILER_APPICON_NAME = AppIcon;
				ASSETCATALOG_COMPILER_GLOBAL_ACCENT_COLOR_NAME = AccentColor;
				CODE_SIGN_STYLE = Automatic;
				INFOPLIST_FILE = Parstagram_Test/Info.plist;
				LD_RUNPATH_SEARCH_PATHS = (
					"$(inherited)",
					"@executable_path/Frameworks",
				);
				PRODUCT_BUNDLE_IDENTIFIER = "com.codepath.Parstagram-Test";
				PRODUCT_NAME = "$(TARGET_NAME)";
				SWIFT_VERSION = 5.0;
				TARGETED_DEVICE_FAMILY = "1,2";
			};
			name = Debug;
		};
		D942823825F81F08004F5D92 /* Release */ = {
			isa = XCBuildConfiguration;
			baseConfigurationReference = 82C8F4482227784C700D3937 /* Pods-Parstagram_Test.release.xcconfig */;
			buildSettings = {
				ASSETCATALOG_COMPILER_APPICON_NAME = AppIcon;
				ASSETCATALOG_COMPILER_GLOBAL_ACCENT_COLOR_NAME = AccentColor;
				CODE_SIGN_STYLE = Automatic;
				INFOPLIST_FILE = Parstagram_Test/Info.plist;
				LD_RUNPATH_SEARCH_PATHS = (
					"$(inherited)",
					"@executable_path/Frameworks",
				);
				PRODUCT_BUNDLE_IDENTIFIER = "com.codepath.Parstagram-Test";
				PRODUCT_NAME = "$(TARGET_NAME)";
				SWIFT_VERSION = 5.0;
				TARGETED_DEVICE_FAMILY = "1,2";
			};
			name = Release;
		};
		D942823A25F81F08004F5D92 /* Debug */ = {
			isa = XCBuildConfiguration;
			baseConfigurationReference = 1B0B197EAFC23182B6A9653D /* Pods-Parstagram_TestTests.debug.xcconfig */;
			buildSettings = {
				ALWAYS_EMBED_SWIFT_STANDARD_LIBRARIES = YES;
				BUNDLE_LOADER = "$(TEST_HOST)";
				CODE_SIGN_STYLE = Automatic;
				INFOPLIST_FILE = Parstagram_TestTests/Info.plist;
				IPHONEOS_DEPLOYMENT_TARGET = 14.4;
				LD_RUNPATH_SEARCH_PATHS = (
					"$(inherited)",
					"@executable_path/Frameworks",
					"@loader_path/Frameworks",
				);
				PRODUCT_BUNDLE_IDENTIFIER = "com.codepath.Parstagram-TestTests";
				PRODUCT_NAME = "$(TARGET_NAME)";
				SWIFT_VERSION = 5.0;
				TARGETED_DEVICE_FAMILY = "1,2";
				TEST_HOST = "$(BUILT_PRODUCTS_DIR)/Parstagram_Test.app/Parstagram_Test";
			};
			name = Debug;
		};
		D942823B25F81F08004F5D92 /* Release */ = {
			isa = XCBuildConfiguration;
			baseConfigurationReference = AE51FF3265942D719AC658D7 /* Pods-Parstagram_TestTests.release.xcconfig */;
			buildSettings = {
				ALWAYS_EMBED_SWIFT_STANDARD_LIBRARIES = YES;
				BUNDLE_LOADER = "$(TEST_HOST)";
				CODE_SIGN_STYLE = Automatic;
				INFOPLIST_FILE = Parstagram_TestTests/Info.plist;
				IPHONEOS_DEPLOYMENT_TARGET = 14.4;
				LD_RUNPATH_SEARCH_PATHS = (
					"$(inherited)",
					"@executable_path/Frameworks",
					"@loader_path/Frameworks",
				);
				PRODUCT_BUNDLE_IDENTIFIER = "com.codepath.Parstagram-TestTests";
				PRODUCT_NAME = "$(TARGET_NAME)";
				SWIFT_VERSION = 5.0;
				TARGETED_DEVICE_FAMILY = "1,2";
				TEST_HOST = "$(BUILT_PRODUCTS_DIR)/Parstagram_Test.app/Parstagram_Test";
			};
			name = Release;
		};
		D942823D25F81F08004F5D92 /* Debug */ = {
			isa = XCBuildConfiguration;
			baseConfigurationReference = 007553D5170295E55D6AE909 /* Pods-Parstagram_Test-Parstagram_TestUITests.debug.xcconfig */;
			buildSettings = {
				ALWAYS_EMBED_SWIFT_STANDARD_LIBRARIES = YES;
				CODE_SIGN_STYLE = Automatic;
				INFOPLIST_FILE = Parstagram_TestUITests/Info.plist;
				LD_RUNPATH_SEARCH_PATHS = (
					"$(inherited)",
					"@executable_path/Frameworks",
					"@loader_path/Frameworks",
				);
				PRODUCT_BUNDLE_IDENTIFIER = "com.codepath.Parstagram-TestUITests";
				PRODUCT_NAME = "$(TARGET_NAME)";
				SWIFT_VERSION = 5.0;
				TARGETED_DEVICE_FAMILY = "1,2";
				TEST_TARGET_NAME = Parstagram_Test;
			};
			name = Debug;
		};
		D942823E25F81F08004F5D92 /* Release */ = {
			isa = XCBuildConfiguration;
			baseConfigurationReference = 2662FA9C5E60A52AE1DBD3B4 /* Pods-Parstagram_Test-Parstagram_TestUITests.release.xcconfig */;
			buildSettings = {
				ALWAYS_EMBED_SWIFT_STANDARD_LIBRARIES = YES;
				CODE_SIGN_STYLE = Automatic;
				INFOPLIST_FILE = Parstagram_TestUITests/Info.plist;
				LD_RUNPATH_SEARCH_PATHS = (
					"$(inherited)",
					"@executable_path/Frameworks",
					"@loader_path/Frameworks",
				);
				PRODUCT_BUNDLE_IDENTIFIER = "com.codepath.Parstagram-TestUITests";
				PRODUCT_NAME = "$(TARGET_NAME)";
				SWIFT_VERSION = 5.0;
				TARGETED_DEVICE_FAMILY = "1,2";
				TEST_TARGET_NAME = Parstagram_Test;
			};
			name = Release;
		};
/* End XCBuildConfiguration section */

/* Begin XCConfigurationList section */
		D942820725F81F02004F5D92 /* Build configuration list for PBXProject "Parstagram_Test" */ = {
			isa = XCConfigurationList;
			buildConfigurations = (
				D942823425F81F08004F5D92 /* Debug */,
				D942823525F81F08004F5D92 /* Release */,
			);
			defaultConfigurationIsVisible = 0;
			defaultConfigurationName = Release;
		};
		D942823625F81F08004F5D92 /* Build configuration list for PBXNativeTarget "Parstagram_Test" */ = {
			isa = XCConfigurationList;
			buildConfigurations = (
				D942823725F81F08004F5D92 /* Debug */,
				D942823825F81F08004F5D92 /* Release */,
			);
			defaultConfigurationIsVisible = 0;
			defaultConfigurationName = Release;
		};
		D942823925F81F08004F5D92 /* Build configuration list for PBXNativeTarget "Parstagram_TestTests" */ = {
			isa = XCConfigurationList;
			buildConfigurations = (
				D942823A25F81F08004F5D92 /* Debug */,
				D942823B25F81F08004F5D92 /* Release */,
			);
			defaultConfigurationIsVisible = 0;
			defaultConfigurationName = Release;
		};
		D942823C25F81F08004F5D92 /* Build configuration list for PBXNativeTarget "Parstagram_TestUITests" */ = {
			isa = XCConfigurationList;
			buildConfigurations = (
				D942823D25F81F08004F5D92 /* Debug */,
				D942823E25F81F08004F5D92 /* Release */,
			);
			defaultConfigurationIsVisible = 0;
			defaultConfigurationName = Release;
		};
/* End XCConfigurationList section */
	};
	rootObject = D942820425F81F02004F5D92 /* Project object */;
}
